// !$*UTF8*$!
{
	archiveVersion = 1;
	classes = {
	};
	objectVersion = 46;
	objects = {

/* Begin PBXBuildFile section */
		49154A211DA67A8A00C2048B /* Main.storyboard in Resources */ = {isa = PBXBuildFile; fileRef = 49154A1F1DA67A8A00C2048B /* Main.storyboard */; };
		492170CE1DAA4C2E00F7691C /* iS_icon.icns in Resources */ = {isa = PBXBuildFile; fileRef = 492170CD1DAA4C2E00F7691C /* iS_icon.icns */; };
		49299A1B1DA0F306004858AD /* AppleStore.swift in Sources */ = {isa = PBXBuildFile; fileRef = 49299A1A1DA0F306004858AD /* AppleStore.swift */; };
		49299A211DA1531E004858AD /* Notifier.swift in Sources */ = {isa = PBXBuildFile; fileRef = 49299A201DA1531E004858AD /* Notifier.swift */; };
		493892FC1DA4518E00F7241A /* iPhoneModelsViewController.swift in Sources */ = {isa = PBXBuildFile; fileRef = 493892FB1DA4518E00F7241A /* iPhoneModelsViewController.swift */; };
		493892FE1DA4542900F7241A /* AppleStoresViewController.swift in Sources */ = {isa = PBXBuildFile; fileRef = 493892FD1DA4542900F7241A /* AppleStoresViewController.swift */; };
		493893001DA4549B00F7241A /* NotificationsViewController.swift in Sources */ = {isa = PBXBuildFile; fileRef = 493892FF1DA4549B00F7241A /* NotificationsViewController.swift */; };
		49AC9B3D1DA3DAAE0011A550 /* AppDelegate.swift in Sources */ = {isa = PBXBuildFile; fileRef = 49AC9B3C1DA3DAAE0011A550 /* AppDelegate.swift */; };
		49E16FB91DA3DC2C001584D0 /* MainWindowController.swift in Sources */ = {isa = PBXBuildFile; fileRef = 49E16FB81DA3DC2C001584D0 /* MainWindowController.swift */; };
		49EA5ABD1DA7C78C003C698D /* Utilities.swift in Sources */ = {isa = PBXBuildFile; fileRef = 49EA5ABC1DA7C78C003C698D /* Utilities.swift */; };
		49FC8E051DA060B0002D1D3E /* iPhoneModel.swift in Sources */ = {isa = PBXBuildFile; fileRef = 49FC8E041DA060B0002D1D3E /* iPhoneModel.swift */; };
		49FC8E071DA06C6E002D1D3E /* StockChecker.swift in Sources */ = {isa = PBXBuildFile; fileRef = 49FC8E061DA06C6E002D1D3E /* StockChecker.swift */; };
		FAACD1D13DF91BFD03BD91C8 /* Pods_iStockcheck.framework in Frameworks */ = {isa = PBXBuildFile; fileRef = 0255A27F07E7572C189DC99D /* Pods_iStockcheck.framework */; };
/* End PBXBuildFile section */

/* Begin PBXFileReference section */
		0255A27F07E7572C189DC99D /* Pods_iStockcheck.framework */ = {isa = PBXFileReference; explicitFileType = wrapper.framework; includeInIndex = 0; path = Pods_iStockcheck.framework; sourceTree = BUILT_PRODUCTS_DIR; };
		1A764A28A5E23EC3FA25F8C9 /* Pods-iStockcheck.release.xcconfig */ = {isa = PBXFileReference; includeInIndex = 1; lastKnownFileType = text.xcconfig; name = "Pods-iStockcheck.release.xcconfig"; path = "Pods/Target Support Files/Pods-iStockcheck/Pods-iStockcheck.release.xcconfig"; sourceTree = "<group>"; };
		38AF377025446D475EE5ECD9 /* Pods-iStockcheck.debug.xcconfig */ = {isa = PBXFileReference; includeInIndex = 1; lastKnownFileType = text.xcconfig; name = "Pods-iStockcheck.debug.xcconfig"; path = "Pods/Target Support Files/Pods-iStockcheck/Pods-iStockcheck.debug.xcconfig"; sourceTree = "<group>"; };
		49154A201DA67A8A00C2048B /* Base */ = {isa = PBXFileReference; lastKnownFileType = file.storyboard; name = Base; path = Base.lproj/Main.storyboard; sourceTree = "<group>"; };
		492170CD1DAA4C2E00F7691C /* iS_icon.icns */ = {isa = PBXFileReference; lastKnownFileType = image.icns; path = iS_icon.icns; sourceTree = "<group>"; };
		492170ED1DAADE9300F7691C /* iStockcheck.entitlements */ = {isa = PBXFileReference; lastKnownFileType = text.plist.entitlements; path = iStockcheck.entitlements; sourceTree = "<group>"; };
		49299A1A1DA0F306004858AD /* AppleStore.swift */ = {isa = PBXFileReference; fileEncoding = 4; lastKnownFileType = sourcecode.swift; path = AppleStore.swift; sourceTree = "<group>"; };
		49299A201DA1531E004858AD /* Notifier.swift */ = {isa = PBXFileReference; fileEncoding = 4; lastKnownFileType = sourcecode.swift; path = Notifier.swift; sourceTree = "<group>"; };
		493892FB1DA4518E00F7241A /* iPhoneModelsViewController.swift */ = {isa = PBXFileReference; fileEncoding = 4; lastKnownFileType = sourcecode.swift; path = iPhoneModelsViewController.swift; sourceTree = "<group>"; };
		493892FD1DA4542900F7241A /* AppleStoresViewController.swift */ = {isa = PBXFileReference; fileEncoding = 4; lastKnownFileType = sourcecode.swift; path = AppleStoresViewController.swift; sourceTree = "<group>"; };
		493892FF1DA4549B00F7241A /* NotificationsViewController.swift */ = {isa = PBXFileReference; fileEncoding = 4; lastKnownFileType = sourcecode.swift; path = NotificationsViewController.swift; sourceTree = "<group>"; };
		49AC9B3C1DA3DAAE0011A550 /* AppDelegate.swift */ = {isa = PBXFileReference; fileEncoding = 4; lastKnownFileType = sourcecode.swift; path = AppDelegate.swift; sourceTree = "<group>"; };
		49E16FB81DA3DC2C001584D0 /* MainWindowController.swift */ = {isa = PBXFileReference; fileEncoding = 4; lastKnownFileType = sourcecode.swift; path = MainWindowController.swift; sourceTree = "<group>"; };
		49EA5ABC1DA7C78C003C698D /* Utilities.swift */ = {isa = PBXFileReference; fileEncoding = 4; lastKnownFileType = sourcecode.swift; path = Utilities.swift; sourceTree = "<group>"; };
		49FC8DF41DA05CF6002D1D3E /* iStockcheck.app */ = {isa = PBXFileReference; explicitFileType = wrapper.application; includeInIndex = 0; path = iStockcheck.app; sourceTree = BUILT_PRODUCTS_DIR; };
		49FC8DFE1DA05CF6002D1D3E /* Info.plist */ = {isa = PBXFileReference; lastKnownFileType = text.plist.xml; path = Info.plist; sourceTree = "<group>"; };
		49FC8E041DA060B0002D1D3E /* iPhoneModel.swift */ = {isa = PBXFileReference; fileEncoding = 4; lastKnownFileType = sourcecode.swift; path = iPhoneModel.swift; sourceTree = "<group>"; };
		49FC8E061DA06C6E002D1D3E /* StockChecker.swift */ = {isa = PBXFileReference; fileEncoding = 4; lastKnownFileType = sourcecode.swift; path = StockChecker.swift; sourceTree = "<group>"; };
/* End PBXFileReference section */

/* Begin PBXFrameworksBuildPhase section */
		49FC8DF11DA05CF6002D1D3E /* Frameworks */ = {
			isa = PBXFrameworksBuildPhase;
			buildActionMask = 2147483647;
			files = (
				FAACD1D13DF91BFD03BD91C8 /* Pods_iStockcheck.framework in Frameworks */,
			);
			runOnlyForDeploymentPostprocessing = 0;
		};
/* End PBXFrameworksBuildPhase section */

/* Begin PBXGroup section */
		0261727B1C77B48AE44C8D66 /* Frameworks */ = {
			isa = PBXGroup;
			children = (
				0255A27F07E7572C189DC99D /* Pods_iStockcheck.framework */,
			);
			name = Frameworks;
			sourceTree = "<group>";
		};
		447339E744E1A3897ED0A381 /* Pods */ = {
			isa = PBXGroup;
			children = (
				38AF377025446D475EE5ECD9 /* Pods-iStockcheck.debug.xcconfig */,
				1A764A28A5E23EC3FA25F8C9 /* Pods-iStockcheck.release.xcconfig */,
			);
			name = Pods;
			sourceTree = "<group>";
		};
		492170CF1DAA4E1F00F7691C /* Models */ = {
			isa = PBXGroup;
			children = (
				49FC8E041DA060B0002D1D3E /* iPhoneModel.swift */,
				49299A1A1DA0F306004858AD /* AppleStore.swift */,
			);
			name = Models;
			sourceTree = "<group>";
		};
		49E16FB71DA3DC02001584D0 /* ViewControllers */ = {
			isa = PBXGroup;
			children = (
				49E16FB81DA3DC2C001584D0 /* MainWindowController.swift */,
				493892FB1DA4518E00F7241A /* iPhoneModelsViewController.swift */,
				493892FD1DA4542900F7241A /* AppleStoresViewController.swift */,
				493892FF1DA4549B00F7241A /* NotificationsViewController.swift */,
			);
			name = ViewControllers;
			sourceTree = "<group>";
		};
		49FC8DEB1DA05CF6002D1D3E = {
			isa = PBXGroup;
			children = (
				49FC8DF61DA05CF6002D1D3E /* iStockcheck */,
				49FC8DF51DA05CF6002D1D3E /* Products */,
				447339E744E1A3897ED0A381 /* Pods */,
				0261727B1C77B48AE44C8D66 /* Frameworks */,
			);
			sourceTree = "<group>";
		};
		49FC8DF51DA05CF6002D1D3E /* Products */ = {
			isa = PBXGroup;
			children = (
				49FC8DF41DA05CF6002D1D3E /* iStockcheck.app */,
			);
			name = Products;
			sourceTree = "<group>";
		};
		49FC8DF61DA05CF6002D1D3E /* iStockcheck */ = {
			isa = PBXGroup;
			children = (
				492170ED1DAADE9300F7691C /* iStockcheck.entitlements */,
				492170CF1DAA4E1F00F7691C /* Models */,
				49E16FB71DA3DC02001584D0 /* ViewControllers */,
				49AC9B3C1DA3DAAE0011A550 /* AppDelegate.swift */,
				49154A1F1DA67A8A00C2048B /* Main.storyboard */,
				49FC8DFE1DA05CF6002D1D3E /* Info.plist */,
				49FC8E061DA06C6E002D1D3E /* StockChecker.swift */,
				49299A201DA1531E004858AD /* Notifier.swift */,
				49EA5ABC1DA7C78C003C698D /* Utilities.swift */,
				492170CD1DAA4C2E00F7691C /* iS_icon.icns */,
			);
			path = iStockcheck;
			sourceTree = "<group>";
		};
/* End PBXGroup section */

/* Begin PBXNativeTarget section */
		49FC8DF31DA05CF6002D1D3E /* iStockcheck */ = {
			isa = PBXNativeTarget;
			buildConfigurationList = 49FC8E011DA05CF6002D1D3E /* Build configuration list for PBXNativeTarget "iStockcheck" */;
			buildPhases = (
				D9A21C63FE90C74B9337365C /* [CP] Check Pods Manifest.lock */,
				49FC8DF01DA05CF6002D1D3E /* Sources */,
				49FC8DF11DA05CF6002D1D3E /* Frameworks */,
				49FC8DF21DA05CF6002D1D3E /* Resources */,
				51C3CD018B5B156BC6B76CBF /* [CP] Embed Pods Frameworks */,
				A097BE477E8822A6C48BAA61 /* [CP] Copy Pods Resources */,
			);
			buildRules = (
			);
			dependencies = (
			);
			name = iStockcheck;
			productName = iStockcheck;
			productReference = 49FC8DF41DA05CF6002D1D3E /* iStockcheck.app */;
			productType = "com.apple.product-type.application";
		};
/* End PBXNativeTarget section */

/* Begin PBXProject section */
		49FC8DEC1DA05CF6002D1D3E /* Project object */ = {
			isa = PBXProject;
			attributes = {
				LastSwiftUpdateCheck = 0800;
				LastUpgradeCheck = 0800;
				ORGANIZATIONNAME = "Andrew Bennet";
				TargetAttributes = {
					49FC8DF31DA05CF6002D1D3E = {
						CreatedOnToolsVersion = 8.0;
						DevelopmentTeam = YPDEV2E775;
						LastSwiftMigration = 0800;
						ProvisioningStyle = Automatic;
						SystemCapabilities = {
							com.apple.Sandbox = {
								enabled = 1;
							};
						};
					};
				};
			};
			buildConfigurationList = 49FC8DEF1DA05CF6002D1D3E /* Build configuration list for PBXProject "iStockcheck" */;
			compatibilityVersion = "Xcode 3.2";
			developmentRegion = English;
			hasScannedForEncodings = 0;
			knownRegions = (
				en,
				Base,
			);
			mainGroup = 49FC8DEB1DA05CF6002D1D3E;
			productRefGroup = 49FC8DF51DA05CF6002D1D3E /* Products */;
			projectDirPath = "";
			projectRoot = "";
			targets = (
				49FC8DF31DA05CF6002D1D3E /* iStockcheck */,
			);
		};
/* End PBXProject section */

/* Begin PBXResourcesBuildPhase section */
		49FC8DF21DA05CF6002D1D3E /* Resources */ = {
			isa = PBXResourcesBuildPhase;
			buildActionMask = 2147483647;
			files = (
				492170CE1DAA4C2E00F7691C /* iS_icon.icns in Resources */,
				49154A211DA67A8A00C2048B /* Main.storyboard in Resources */,
			);
			runOnlyForDeploymentPostprocessing = 0;
		};
/* End PBXResourcesBuildPhase section */

/* Begin PBXShellScriptBuildPhase section */
		51C3CD018B5B156BC6B76CBF /* [CP] Embed Pods Frameworks */ = {
			isa = PBXShellScriptBuildPhase;
			buildActionMask = 2147483647;
			files = (
			);
			inputPaths = (
			);
			name = "[CP] Embed Pods Frameworks";
			outputPaths = (
			);
			runOnlyForDeploymentPostprocessing = 0;
			shellPath = /bin/sh;
			shellScript = "\"${SRCROOT}/Pods/Target Support Files/Pods-iStockcheck/Pods-iStockcheck-frameworks.sh\"\n";
			showEnvVarsInLog = 0;
		};
		A097BE477E8822A6C48BAA61 /* [CP] Copy Pods Resources */ = {
			isa = PBXShellScriptBuildPhase;
			buildActionMask = 2147483647;
			files = (
			);
			inputPaths = (
			);
			name = "[CP] Copy Pods Resources";
			outputPaths = (
			);
			runOnlyForDeploymentPostprocessing = 0;
			shellPath = /bin/sh;
			shellScript = "\"${SRCROOT}/Pods/Target Support Files/Pods-iStockcheck/Pods-iStockcheck-resources.sh\"\n";
			showEnvVarsInLog = 0;
		};
		D9A21C63FE90C74B9337365C /* [CP] Check Pods Manifest.lock */ = {
			isa = PBXShellScriptBuildPhase;
			buildActionMask = 2147483647;
			files = (
			);
			inputPaths = (
			);
			name = "[CP] Check Pods Manifest.lock";
			outputPaths = (
			);
			runOnlyForDeploymentPostprocessing = 0;
			shellPath = /bin/sh;
			shellScript = "diff \"${PODS_ROOT}/../Podfile.lock\" \"${PODS_ROOT}/Manifest.lock\" > /dev/null\nif [[ $? != 0 ]] ; then\n    cat << EOM\nerror: The sandbox is not in sync with the Podfile.lock. Run 'pod install' or update your CocoaPods installation.\nEOM\n    exit 1\nfi\n";
			showEnvVarsInLog = 0;
		};
/* End PBXShellScriptBuildPhase section */

/* Begin PBXSourcesBuildPhase section */
		49FC8DF01DA05CF6002D1D3E /* Sources */ = {
			isa = PBXSourcesBuildPhase;
			buildActionMask = 2147483647;
			files = (
				493893001DA4549B00F7241A /* NotificationsViewController.swift in Sources */,
				493892FC1DA4518E00F7241A /* iPhoneModelsViewController.swift in Sources */,
				49AC9B3D1DA3DAAE0011A550 /* AppDelegate.swift in Sources */,
				49299A211DA1531E004858AD /* Notifier.swift in Sources */,
				493892FE1DA4542900F7241A /* AppleStoresViewController.swift in Sources */,
				49E16FB91DA3DC2C001584D0 /* MainWindowController.swift in Sources */,
				49FC8E051DA060B0002D1D3E /* iPhoneModel.swift in Sources */,
				49299A1B1DA0F306004858AD /* AppleStore.swift in Sources */,
				49EA5ABD1DA7C78C003C698D /* Utilities.swift in Sources */,
				49FC8E071DA06C6E002D1D3E /* StockChecker.swift in Sources */,
			);
			runOnlyForDeploymentPostprocessing = 0;
		};
/* End PBXSourcesBuildPhase section */

/* Begin PBXVariantGroup section */
		49154A1F1DA67A8A00C2048B /* Main.storyboard */ = {
			isa = PBXVariantGroup;
			children = (
				49154A201DA67A8A00C2048B /* Base */,
			);
			name = Main.storyboard;
			sourceTree = "<group>";
		};
/* End PBXVariantGroup section */

/* Begin XCBuildConfiguration section */
		49FC8DFF1DA05CF6002D1D3E /* Debug */ = {
			isa = XCBuildConfiguration;
			buildSettings = {
				ALWAYS_SEARCH_USER_PATHS = NO;
				CLANG_ANALYZER_NONNULL = YES;
				CLANG_CXX_LANGUAGE_STANDARD = "gnu++0x";
				CLANG_CXX_LIBRARY = "libc++";
				CLANG_ENABLE_MODULES = YES;
				CLANG_ENABLE_OBJC_ARC = YES;
				CLANG_WARN_BOOL_CONVERSION = YES;
				CLANG_WARN_CONSTANT_CONVERSION = YES;
				CLANG_WARN_DIRECT_OBJC_ISA_USAGE = YES_ERROR;
				CLANG_WARN_DOCUMENTATION_COMMENTS = YES;
				CLANG_WARN_EMPTY_BODY = YES;
				CLANG_WARN_ENUM_CONVERSION = YES;
				CLANG_WARN_INFINITE_RECURSION = YES;
				CLANG_WARN_INT_CONVERSION = YES;
				CLANG_WARN_OBJC_ROOT_CLASS = YES_ERROR;
				CLANG_WARN_SUSPICIOUS_MOVE = YES;
				CLANG_WARN_SUSPICIOUS_MOVES = YES;
				CLANG_WARN_UNREACHABLE_CODE = YES;
				CLANG_WARN__DUPLICATE_METHOD_MATCH = YES;
				CODE_SIGN_IDENTITY = "-";
				COPY_PHASE_STRIP = NO;
				DEBUG_INFORMATION_FORMAT = dwarf;
				ENABLE_STRICT_OBJC_MSGSEND = YES;
				ENABLE_TESTABILITY = YES;
				GCC_C_LANGUAGE_STANDARD = gnu99;
				GCC_DYNAMIC_NO_PIC = NO;
				GCC_NO_COMMON_BLOCKS = YES;
				GCC_OPTIMIZATION_LEVEL = 0;
				GCC_PREPROCESSOR_DEFINITIONS = (
					"DEBUG=1",
					"$(inherited)",
				);
				GCC_WARN_64_TO_32_BIT_CONVERSION = YES;
				GCC_WARN_ABOUT_RETURN_TYPE = YES_ERROR;
				GCC_WARN_UNDECLARED_SELECTOR = YES;
				GCC_WARN_UNINITIALIZED_AUTOS = YES_AGGRESSIVE;
				GCC_WARN_UNUSED_FUNCTION = YES;
				GCC_WARN_UNUSED_VARIABLE = YES;
				MACOSX_DEPLOYMENT_TARGET = 10.11;
				MTL_ENABLE_DEBUG_INFO = YES;
				ONLY_ACTIVE_ARCH = YES;
				SDKROOT = macosx;
				SWIFT_ACTIVE_COMPILATION_CONDITIONS = DEBUG;
				SWIFT_OPTIMIZATION_LEVEL = "-Onone";
			};
			name = Debug;
		};
		49FC8E001DA05CF6002D1D3E /* Release */ = {
			isa = XCBuildConfiguration;
			buildSettings = {
				ALWAYS_SEARCH_USER_PATHS = NO;
				CLANG_ANALYZER_NONNULL = YES;
				CLANG_CXX_LANGUAGE_STANDARD = "gnu++0x";
				CLANG_CXX_LIBRARY = "libc++";
				CLANG_ENABLE_MODULES = YES;
				CLANG_ENABLE_OBJC_ARC = YES;
				CLANG_WARN_BOOL_CONVERSION = YES;
				CLANG_WARN_CONSTANT_CONVERSION = YES;
				CLANG_WARN_DIRECT_OBJC_ISA_USAGE = YES_ERROR;
				CLANG_WARN_DOCUMENTATION_COMMENTS = YES;
				CLANG_WARN_EMPTY_BODY = YES;
				CLANG_WARN_ENUM_CONVERSION = YES;
				CLANG_WARN_INFINITE_RECURSION = YES;
				CLANG_WARN_INT_CONVERSION = YES;
				CLANG_WARN_OBJC_ROOT_CLASS = YES_ERROR;
				CLANG_WARN_SUSPICIOUS_MOVE = YES;
				CLANG_WARN_SUSPICIOUS_MOVES = YES;
				CLANG_WARN_UNREACHABLE_CODE = YES;
				CLANG_WARN__DUPLICATE_METHOD_MATCH = YES;
				CODE_SIGN_IDENTITY = "-";
				COPY_PHASE_STRIP = NO;
				DEBUG_INFORMATION_FORMAT = "dwarf-with-dsym";
				ENABLE_NS_ASSERTIONS = NO;
				ENABLE_STRICT_OBJC_MSGSEND = YES;
				GCC_C_LANGUAGE_STANDARD = gnu99;
				GCC_NO_COMMON_BLOCKS = YES;
				GCC_WARN_64_TO_32_BIT_CONVERSION = YES;
				GCC_WARN_ABOUT_RETURN_TYPE = YES_ERROR;
				GCC_WARN_UNDECLARED_SELECTOR = YES;
				GCC_WARN_UNINITIALIZED_AUTOS = YES_AGGRESSIVE;
				GCC_WARN_UNUSED_FUNCTION = YES;
				GCC_WARN_UNUSED_VARIABLE = YES;
				MACOSX_DEPLOYMENT_TARGET = 10.11;
				MTL_ENABLE_DEBUG_INFO = NO;
				SDKROOT = macosx;
				SWIFT_OPTIMIZATION_LEVEL = "-Owholemodule";
			};
			name = Release;
		};
		49FC8E021DA05CF6002D1D3E /* Debug */ = {
			isa = XCBuildConfiguration;
			baseConfigurationReference = 38AF377025446D475EE5ECD9 /* Pods-iStockcheck.debug.xcconfig */;
			buildSettings = {
				ALWAYS_EMBED_SWIFT_STANDARD_LIBRARIES = YES;
				CODE_SIGN_ENTITLEMENTS = iStockcheck/iStockcheck.entitlements;
				CODE_SIGN_IDENTITY = "Mac Developer";
				COMBINE_HIDPI_IMAGES = YES;
				DEVELOPMENT_TEAM = YPDEV2E775;
				INFOPLIST_FILE = iStockcheck/Info.plist;
				LD_RUNPATH_SEARCH_PATHS = "$(inherited) @executable_path/../Frameworks";
				MACOSX_DEPLOYMENT_TARGET = 10.11;
				PRODUCT_BUNDLE_IDENTIFIER = com.andrewbennet.iStockcheck;
				PRODUCT_NAME = "$(TARGET_NAME)";
				SWIFT_VERSION = 3.0;
			};
			name = Debug;
		};
		49FC8E031DA05CF6002D1D3E /* Release */ = {
			isa = XCBuildConfiguration;
			baseConfigurationReference = 1A764A28A5E23EC3FA25F8C9 /* Pods-iStockcheck.release.xcconfig */;
			buildSettings = {
				ALWAYS_EMBED_SWIFT_STANDARD_LIBRARIES = YES;
				CODE_SIGN_ENTITLEMENTS = iStockcheck/iStockcheck.entitlements;
				CODE_SIGN_IDENTITY = "Mac Developer";
				COMBINE_HIDPI_IMAGES = YES;
				DEVELOPMENT_TEAM = YPDEV2E775;
				INFOPLIST_FILE = iStockcheck/Info.plist;
				LD_RUNPATH_SEARCH_PATHS = "$(inherited) @executable_path/../Frameworks";
				MACOSX_DEPLOYMENT_TARGET = 10.11;
				PRODUCT_BUNDLE_IDENTIFIER = com.andrewbennet.iStockcheck;
				PRODUCT_NAME = "$(TARGET_NAME)";
				SWIFT_VERSION = 3.0;
			};
			name = Release;
		};
/* End XCBuildConfiguration section */

/* Begin XCConfigurationList section */
		49FC8DEF1DA05CF6002D1D3E /* Build configuration list for PBXProject "iStockcheck" */ = {
			isa = XCConfigurationList;
			buildConfigurations = (
				49FC8DFF1DA05CF6002D1D3E /* Debug */,
				49FC8E001DA05CF6002D1D3E /* Release */,
			);
			defaultConfigurationIsVisible = 0;
			defaultConfigurationName = Release;
		};
		49FC8E011DA05CF6002D1D3E /* Build configuration list for PBXNativeTarget "iStockcheck" */ = {
			isa = XCConfigurationList;
			buildConfigurations = (
				49FC8E021DA05CF6002D1D3E /* Debug */,
				49FC8E031DA05CF6002D1D3E /* Release */,
			);
			defaultConfigurationIsVisible = 0;
			defaultConfigurationName = Release;
		};
/* End XCConfigurationList section */
	};
	rootObject = 49FC8DEC1DA05CF6002D1D3E /* Project object */;
}
